
Microsoft Visual Studio Solution File, Format Version 12.00
# Visual Studio Version 17
VisualStudioVersion = 17.13.35913.81 d17.13
MinimumVisualStudioVersion = 10.0.40219.1
Project("{FAE04EC0-301F-11D3-BF4B-00C04F79EFBC}") = "ClinicService", "ClinicService\ClinicService.csproj", "{03EF29BB-5C42-4AEE-89C6-EA48B84CC036}"
EndProject
Global
	GlobalSection(SolutionConfigurationPlatforms) = preSolution
		Debug|Any CPU = Debug|Any CPU
		Release|Any CPU = Release|Any CPU
	EndGlobalSection
	GlobalSection(ProjectConfigurationPlatforms) = postSolution
		{03EF29BB-5C42-4AEE-89C6-EA48B84CC036}.Debug|Any CPU.ActiveCfg = Debug|Any CPU
		{03EF29BB-5C42-4AEE-89C6-EA48B84CC036}.Debug|Any CPU.Build.0 = Debug|Any CPU
		{03EF29BB-5C42-4AEE-89C6-EA48B84CC036}.Release|Any CPU.ActiveCfg = Release|Any CPU
		{03EF29BB-5C42-4AEE-89C6-EA48B84CC036}.Release|Any CPU.Build.0 = Release|Any CPU
	EndGlobalSection
	GlobalSection(SolutionProperties) = preSolution
		HideSolutionNode = FALSE
	EndGlobalSection
	GlobalSection(ExtensibilityGlobals) = postSolution
		SolutionGuid = {3EFA1113-5B14-40B2-8CFB-B120BD243BB2}
	EndGlobalSection
EndGlobal
