
Microsoft Visual Studio Solution File, Format Version 12.00
# Visual Studio Version 17
VisualStudioVersion = 17.13.35913.81 d17.13
MinimumVisualStudioVersion = 10.0.40219.1
Project("{FAE04EC0-301F-11D3-BF4B-00C04F79EFBC}") = "Sort", "Sort\Sort.csproj", "{3EE2A6A4-256F-47FF-9F4F-64CE4C79C977}"
EndProject
Global
	GlobalSection(SolutionConfigurationPlatforms) = preSolution
		Debug|Any CPU = Debug|Any CPU
		Release|Any CPU = Release|Any CPU
	EndGlobalSection
	GlobalSection(ProjectConfigurationPlatforms) = postSolution
		{3EE2A6A4-256F-47FF-9F4F-64CE4C79C977}.Debug|Any CPU.ActiveCfg = Debug|Any CPU
		{3EE2A6A4-256F-47FF-9F4F-64CE4C79C977}.Debug|Any CPU.Build.0 = Debug|Any CPU
		{3EE2A6A4-256F-47FF-9F4F-64CE4C79C977}.Release|Any CPU.ActiveCfg = Release|Any CPU
		{3EE2A6A4-256F-47FF-9F4F-64CE4C79C977}.Release|Any CPU.Build.0 = Release|Any CPU
	EndGlobalSection
	GlobalSection(SolutionProperties) = preSolution
		HideSolutionNode = FALSE
	EndGlobalSection
	GlobalSection(ExtensibilityGlobals) = postSolution
		SolutionGuid = {DFA9A5D1-B03D-43DF-A640-E3A8F60F52F3}
	EndGlobalSection
EndGlobal
